
Microsoft Visual Studio Solution File, Format Version 12.00
# Visual Studio Version 17
VisualStudioVersion = 17.5.33414.496
MinimumVisualStudioVersion = 10.0.40219.1
Project("{FAE04EC0-301F-11D3-BF4B-00C04F79EFBC}") = "API_Population", "API_Population\API_Population.csproj", "{F33D3EC3-C447-440B-B02D-C9E439426E90}"
EndProject
Global
	GlobalSection(SolutionConfigurationPlatforms) = preSolution
		Debug|Any CPU = Debug|Any CPU
		Release|Any CPU = Release|Any CPU
	EndGlobalSection
	GlobalSection(ProjectConfigurationPlatforms) = postSolution
		{F33D3EC3-C447-440B-B02D-C9E439426E90}.Debug|Any CPU.ActiveCfg = Debug|Any CPU
		{F33D3EC3-C447-440B-B02D-C9E439426E90}.Debug|Any CPU.Build.0 = Debug|Any CPU
		{F33D3EC3-C447-440B-B02D-C9E439426E90}.Release|Any CPU.ActiveCfg = Release|Any CPU
		{F33D3EC3-C447-440B-B02D-C9E439426E90}.Release|Any CPU.Build.0 = Release|Any CPU
	EndGlobalSection
	GlobalSection(SolutionProperties) = preSolution
		HideSolutionNode = FALSE
	EndGlobalSection
	GlobalSection(ExtensibilityGlobals) = postSolution
		SolutionGuid = {8593B83F-1634-42D8-9CDF-FB76E8699C20}
	EndGlobalSection
EndGlobal
